
Microsoft Visual Studio Solution File, Format Version 12.00
# Visual Studio 2013
VisualStudioVersion = 12.0.40629.0
MinimumVisualStudioVersion = 10.0.40219.1
Project("{FAE04EC0-301F-11D3-BF4B-00C04F79EFBC}") = "Vandermonde001", "Vandermonde001\Vandermonde001.csproj", "{EAA15CF3-38D2-4067-8FA2-B4B73832AB1F}"
EndProject
Global
	GlobalSection(SolutionConfigurationPlatforms) = preSolution
		Debug|Any CPU = Debug|Any CPU
		Release|Any CPU = Release|Any CPU
	EndGlobalSection
	GlobalSection(ProjectConfigurationPlatforms) = postSolution
		{EAA15CF3-38D2-4067-8FA2-B4B73832AB1F}.Debug|Any CPU.ActiveCfg = Debug|Any CPU
		{EAA15CF3-38D2-4067-8FA2-B4B73832AB1F}.Debug|Any CPU.Build.0 = Debug|Any CPU
		{EAA15CF3-38D2-4067-8FA2-B4B73832AB1F}.Release|Any CPU.ActiveCfg = Release|Any CPU
		{EAA15CF3-38D2-4067-8FA2-B4B73832AB1F}.Release|Any CPU.Build.0 = Release|Any CPU
	EndGlobalSection
	GlobalSection(SolutionProperties) = preSolution
		HideSolutionNode = FALSE
	EndGlobalSection
EndGlobal
